// !$*UTF8*$!
{
	archiveVersion = 1;
	classes = {
	};
	objectVersion = 50;
	objects = {

/* Begin PBXBuildFile section */
		79185CDE27531794005B17C8 /* AppDelegate.swift in Sources */ = {isa = PBXBuildFile; fileRef = 79185CDD27531794005B17C8 /* AppDelegate.swift */; };
		79185CE027531794005B17C8 /* SceneDelegate.swift in Sources */ = {isa = PBXBuildFile; fileRef = 79185CDF27531794005B17C8 /* SceneDelegate.swift */; };
		79185CE527531794005B17C8 /* Main.storyboard in Resources */ = {isa = PBXBuildFile; fileRef = 79185CE327531794005B17C8 /* Main.storyboard */; };
		79185CE72753179F005B17C8 /* Assets.xcassets in Resources */ = {isa = PBXBuildFile; fileRef = 79185CE62753179F005B17C8 /* Assets.xcassets */; };
		79185CEA2753179F005B17C8 /* LaunchScreen.storyboard in Resources */ = {isa = PBXBuildFile; fileRef = 79185CE82753179F005B17C8 /* LaunchScreen.storyboard */; };
		79185CF427531818005B17C8 /* LocationViewController.swift in Sources */ = {isa = PBXBuildFile; fileRef = 79185CF327531818005B17C8 /* LocationViewController.swift */; };
		79185CF7275319BB005B17C8 /* TraceMapViewController.swift in Sources */ = {isa = PBXBuildFile; fileRef = 79185CF6275319BB005B17C8 /* TraceMapViewController.swift */; };
/* End PBXBuildFile section */

/* Begin PBXFileReference section */
		79185CDA27531794005B17C8 /* LocationAPPStarter.app */ = {isa = PBXFileReference; explicitFileType = wrapper.application; includeInIndex = 0; path = LocationAPPStarter.app; sourceTree = BUILT_PRODUCTS_DIR; };
		79185CDD27531794005B17C8 /* AppDelegate.swift */ = {isa = PBXFileReference; lastKnownFileType = sourcecode.swift; path = AppDelegate.swift; sourceTree = "<group>"; };
		79185CDF27531794005B17C8 /* SceneDelegate.swift */ = {isa = PBXFileReference; lastKnownFileType = sourcecode.swift; path = SceneDelegate.swift; sourceTree = "<group>"; };
		79185CE427531794005B17C8 /* Base */ = {isa = PBXFileReference; lastKnownFileType = file.storyboard; name = Base; path = Base.lproj/Main.storyboard; sourceTree = "<group>"; };
		79185CE62753179F005B17C8 /* Assets.xcassets */ = {isa = PBXFileReference; lastKnownFileType = folder.assetcatalog; path = Assets.xcassets; sourceTree = "<group>"; };
		79185CE92753179F005B17C8 /* Base */ = {isa = PBXFileReference; lastKnownFileType = file.storyboard; name = Base; path = Base.lproj/LaunchScreen.storyboard; sourceTree = "<group>"; };
		79185CEB2753179F005B17C8 /* Info.plist */ = {isa = PBXFileReference; lastKnownFileType = text.plist.xml; path = Info.plist; sourceTree = "<group>"; };
		79185CF327531818005B17C8 /* LocationViewController.swift */ = {isa = PBXFileReference; lastKnownFileType = sourcecode.swift; path = LocationViewController.swift; sourceTree = "<group>"; };
		79185CF6275319BB005B17C8 /* TraceMapViewController.swift */ = {isa = PBXFileReference; lastKnownFileType = sourcecode.swift; path = TraceMapViewController.swift; sourceTree = "<group>"; };
/* End PBXFileReference section */

/* Begin PBXFrameworksBuildPhase section */
		79185CD727531794005B17C8 /* Frameworks */ = {
			isa = PBXFrameworksBuildPhase;
			buildActionMask = 2147483647;
			files = (
			);
			runOnlyForDeploymentPostprocessing = 0;
		};
/* End PBXFrameworksBuildPhase section */

/* Begin PBXGroup section */
		79185CD127531793005B17C8 = {
			isa = PBXGroup;
			children = (
				79185CDC27531794005B17C8 /* LocationAPPStarter */,
				79185CDB27531794005B17C8 /* Products */,
			);
			sourceTree = "<group>";
		};
		79185CDB27531794005B17C8 /* Products */ = {
			isa = PBXGroup;
			children = (
				79185CDA27531794005B17C8 /* LocationAPPStarter.app */,
			);
			name = Products;
			sourceTree = "<group>";
		};
		79185CDC27531794005B17C8 /* LocationAPPStarter */ = {
			isa = PBXGroup;
			children = (
				79185CDD27531794005B17C8 /* AppDelegate.swift */,
				79185CDF27531794005B17C8 /* SceneDelegate.swift */,
				79185CE327531794005B17C8 /* Main.storyboard */,
				79185CE62753179F005B17C8 /* Assets.xcassets */,
				79185CE82753179F005B17C8 /* LaunchScreen.storyboard */,
				79185CEB2753179F005B17C8 /* Info.plist */,
				79185CF327531818005B17C8 /* LocationViewController.swift */,
				79185CF6275319BB005B17C8 /* TraceMapViewController.swift */,
			);
			path = LocationAPPStarter;
			sourceTree = "<group>";
		};
/* End PBXGroup section */

/* Begin PBXNativeTarget section */
		79185CD927531794005B17C8 /* LocationAPPStarter */ = {
			isa = PBXNativeTarget;
			buildConfigurationList = 79185CEE2753179F005B17C8 /* Build configuration list for PBXNativeTarget "LocationAPPStarter" */;
			buildPhases = (
				79185CD627531794005B17C8 /* Sources */,
				79185CD727531794005B17C8 /* Frameworks */,
				79185CD827531794005B17C8 /* Resources */,
			);
			buildRules = (
			);
			dependencies = (
			);
			name = LocationAPPStarter;
			productName = LocationAPPStarter;
			productReference = 79185CDA27531794005B17C8 /* LocationAPPStarter.app */;
			productType = "com.apple.product-type.application";
		};
/* End PBXNativeTarget section */

/* Begin PBXProject section */
		79185CD227531793005B17C8 /* Project object */ = {
			isa = PBXProject;
			attributes = {
				LastSwiftUpdateCheck = 1240;
				LastUpgradeCheck = 1240;
				TargetAttributes = {
					79185CD927531794005B17C8 = {
						CreatedOnToolsVersion = 12.4;
					};
				};
			};
			buildConfigurationList = 79185CD527531793005B17C8 /* Build configuration list for PBXProject "LocationAPPStarter" */;
			compatibilityVersion = "Xcode 9.3";
			developmentRegion = en;
			hasScannedForEncodings = 0;
			knownRegions = (
				en,
				Base,
			);
			mainGroup = 79185CD127531793005B17C8;
			productRefGroup = 79185CDB27531794005B17C8 /* Products */;
			projectDirPath = "";
			projectRoot = "";
			targets = (
				79185CD927531794005B17C8 /* LocationAPPStarter */,
			);
		};
/* End PBXProject section */

/* Begin PBXResourcesBuildPhase section */
		79185CD827531794005B17C8 /* Resources */ = {
			isa = PBXResourcesBuildPhase;
			buildActionMask = 2147483647;
			files = (
				79185CEA2753179F005B17C8 /* LaunchScreen.storyboard in Resources */,
				79185CE72753179F005B17C8 /* Assets.xcassets in Resources */,
				79185CE527531794005B17C8 /* Main.storyboard in Resources */,
			);
			runOnlyForDeploymentPostprocessing = 0;
		};
/* End PBXResourcesBuildPhase section */

/* Begin PBXSourcesBuildPhase section */
		79185CD627531794005B17C8 /* Sources */ = {
			isa = PBXSourcesBuildPhase;
			buildActionMask = 2147483647;
			files = (
				79185CF427531818005B17C8 /* LocationViewController.swift in Sources */,
				79185CDE27531794005B17C8 /* AppDelegate.swift in Sources */,
				79185CE027531794005B17C8 /* SceneDelegate.swift in Sources */,
				79185CF7275319BB005B17C8 /* TraceMapViewController.swift in Sources */,
			);
			runOnlyForDeploymentPostprocessing = 0;
		};
/* End PBXSourcesBuildPhase section */

/* Begin PBXVariantGroup section */
		79185CE327531794005B17C8 /* Main.storyboard */ = {
			isa = PBXVariantGroup;
			children = (
				79185CE427531794005B17C8 /* Base */,
			);
			name = Main.storyboard;
			sourceTree = "<group>";
		};
		79185CE82753179F005B17C8 /* LaunchScreen.storyboard */ = {
			isa = PBXVariantGroup;
			children = (
				79185CE92753179F005B17C8 /* Base */,
			);
			name = LaunchScreen.storyboard;
			sourceTree = "<group>";
		};
/* End PBXVariantGroup section */

/* Begin XCBuildConfiguration section */
		79185CEC2753179F005B17C8 /* Debug */ = {
			isa = XCBuildConfiguration;
			buildSettings = {
				ALWAYS_SEARCH_USER_PATHS = NO;
				CLANG_ANALYZER_NONNULL = YES;
				CLANG_ANALYZER_NUMBER_OBJECT_CONVERSION = YES_AGGRESSIVE;
				CLANG_CXX_LANGUAGE_STANDARD = "gnu++14";
				CLANG_CXX_LIBRARY = "libc++";
				CLANG_ENABLE_MODULES = YES;
				CLANG_ENABLE_OBJC_ARC = YES;
				CLANG_ENABLE_OBJC_WEAK = YES;
				CLANG_WARN_BLOCK_CAPTURE_AUTORELEASING = YES;
				CLANG_WARN_BOOL_CONVERSION = YES;
				CLANG_WARN_COMMA = YES;
				CLANG_WARN_CONSTANT_CONVERSION = YES;
				CLANG_WARN_DEPRECATED_OBJC_IMPLEMENTATIONS = YES;
				CLANG_WARN_DIRECT_OBJC_ISA_USAGE = YES_ERROR;
				CLANG_WARN_DOCUMENTATION_COMMENTS = YES;
				CLANG_WARN_EMPTY_BODY = YES;
				CLANG_WARN_ENUM_CONVERSION = YES;
				CLANG_WARN_INFINITE_RECURSION = YES;
				CLANG_WARN_INT_CONVERSION = YES;
				CLANG_WARN_NON_LITERAL_NULL_CONVERSION = YES;
				CLANG_WARN_OBJC_IMPLICIT_RETAIN_SELF = YES;
				CLANG_WARN_OBJC_LITERAL_CONVERSION = YES;
				CLANG_WARN_OBJC_ROOT_CLASS = YES_ERROR;
				CLANG_WARN_QUOTED_INCLUDE_IN_FRAMEWORK_HEADER = YES;
				CLANG_WARN_RANGE_LOOP_ANALYSIS = YES;
				CLANG_WARN_STRICT_PROTOTYPES = YES;
				CLANG_WARN_SUSPICIOUS_MOVE = YES;
				CLANG_WARN_UNGUARDED_AVAILABILITY = YES_AGGRESSIVE;
				CLANG_WARN_UNREACHABLE_CODE = YES;
				CLANG_WARN__DUPLICATE_METHOD_MATCH = YES;
				COPY_PHASE_STRIP = NO;
				DEBUG_INFORMATION_FORMAT = dwarf;
				ENABLE_STRICT_OBJC_MSGSEND = YES;
				ENABLE_TESTABILITY = YES;
				GCC_C_LANGUAGE_STANDARD = gnu11;
				GCC_DYNAMIC_NO_PIC = NO;
				GCC_NO_COMMON_BLOCKS = YES;
				GCC_OPTIMIZATION_LEVEL = 0;
				GCC_PREPROCESSOR_DEFINITIONS = (
					"DEBUG=1",
					"$(inherited)",
				);
				GCC_WARN_64_TO_32_BIT_CONVERSION = YES;
				GCC_WARN_ABOUT_RETURN_TYPE = YES_ERROR;
				GCC_WARN_UNDECLARED_SELECTOR = YES;
				GCC_WARN_UNINITIALIZED_AUTOS = YES_AGGRESSIVE;
				GCC_WARN_UNUSED_FUNCTION = YES;
				GCC_WARN_UNUSED_VARIABLE = YES;
				IPHONEOS_DEPLOYMENT_TARGET = 14.4;
				MTL_ENABLE_DEBUG_INFO = INCLUDE_SOURCE;
				MTL_FAST_MATH = YES;
				ONLY_ACTIVE_ARCH = YES;
				SDKROOT = iphoneos;
				SWIFT_ACTIVE_COMPILATION_CONDITIONS = DEBUG;
				SWIFT_OPTIMIZATION_LEVEL = "-Onone";
			};
			name = Debug;
		};
		79185CED2753179F005B17C8 /* Release */ = {
			isa = XCBuildConfiguration;
			buildSettings = {
				ALWAYS_SEARCH_USER_PATHS = NO;
				CLANG_ANALYZER_NONNULL = YES;
				CLANG_ANALYZER_NUMBER_OBJECT_CONVERSION = YES_AGGRESSIVE;
				CLANG_CXX_LANGUAGE_STANDARD = "gnu++14";
				CLANG_CXX_LIBRARY = "libc++";
				CLANG_ENABLE_MODULES = YES;
				CLANG_ENABLE_OBJC_ARC = YES;
				CLANG_ENABLE_OBJC_WEAK = YES;
				CLANG_WARN_BLOCK_CAPTURE_AUTORELEASING = YES;
				CLANG_WARN_BOOL_CONVERSION = YES;
				CLANG_WARN_COMMA = YES;
				CLANG_WARN_CONSTANT_CONVERSION = YES;
				CLANG_WARN_DEPRECATED_OBJC_IMPLEMENTATIONS = YES;
				CLANG_WARN_DIRECT_OBJC_ISA_USAGE = YES_ERROR;
				CLANG_WARN_DOCUMENTATION_COMMENTS = YES;
				CLANG_WARN_EMPTY_BODY = YES;
				CLANG_WARN_ENUM_CONVERSION = YES;
				CLANG_WARN_INFINITE_RECURSION = YES;
				CLANG_WARN_INT_CONVERSION = YES;
				CLANG_WARN_NON_LITERAL_NULL_CONVERSION = YES;
				CLANG_WARN_OBJC_IMPLICIT_RETAIN_SELF = YES;
				CLANG_WARN_OBJC_LITERAL_CONVERSION = YES;
				CLANG_WARN_OBJC_ROOT_CLASS = YES_ERROR;
				CLANG_WARN_QUOTED_INCLUDE_IN_FRAMEWORK_HEADER = YES;
				CLANG_WARN_RANGE_LOOP_ANALYSIS = YES;
				CLANG_WARN_STRICT_PROTOTYPES = YES;
				CLANG_WARN_SUSPICIOUS_MOVE = YES;
				CLANG_WARN_UNGUARDED_AVAILABILITY = YES_AGGRESSIVE;
				CLANG_WARN_UNREACHABLE_CODE = YES;
				CLANG_WARN__DUPLICATE_METHOD_MATCH = YES;
				COPY_PHASE_STRIP = NO;
				DEBUG_INFORMATION_FORMAT = "dwarf-with-dsym";
				ENABLE_NS_ASSERTIONS = NO;
				ENABLE_STRICT_OBJC_MSGSEND = YES;
				GCC_C_LANGUAGE_STANDARD = gnu11;
				GCC_NO_COMMON_BLOCKS = YES;
				GCC_WARN_64_TO_32_BIT_CONVERSION = YES;
				GCC_WARN_ABOUT_RETURN_TYPE = YES_ERROR;
				GCC_WARN_UNDECLARED_SELECTOR = YES;
				GCC_WARN_UNINITIALIZED_AUTOS = YES_AGGRESSIVE;
				GCC_WARN_UNUSED_FUNCTION = YES;
				GCC_WARN_UNUSED_VARIABLE = YES;
				IPHONEOS_DEPLOYMENT_TARGET = 14.4;
				MTL_ENABLE_DEBUG_INFO = NO;
				MTL_FAST_MATH = YES;
				SDKROOT = iphoneos;
				SWIFT_COMPILATION_MODE = wholemodule;
				SWIFT_OPTIMIZATION_LEVEL = "-O";
				VALIDATE_PRODUCT = YES;
			};
			name = Release;
		};
		79185CEF2753179F005B17C8 /* Debug */ = {
			isa = XCBuildConfiguration;
			buildSettings = {
				ASSETCATALOG_COMPILER_APPICON_NAME = AppIcon;
				ASSETCATALOG_COMPILER_GLOBAL_ACCENT_COLOR_NAME = AccentColor;
				CODE_SIGN_STYLE = Automatic;
				INFOPLIST_FILE = LocationAPPStarter/Info.plist;
				LD_RUNPATH_SEARCH_PATHS = (
					"$(inherited)",
					"@executable_path/Frameworks",
				);
				PRODUCT_BUNDLE_IDENTIFIER = com.ndhu.LocationAPPStarter;
				PRODUCT_NAME = "$(TARGET_NAME)";
				SWIFT_VERSION = 5.0;
				TARGETED_DEVICE_FAMILY = "1,2";
			};
			name = Debug;
		};
		79185CF02753179F005B17C8 /* Release */ = {
			isa = XCBuildConfiguration;
			buildSettings = {
				ASSETCATALOG_COMPILER_APPICON_NAME = AppIcon;
				ASSETCATALOG_COMPILER_GLOBAL_ACCENT_COLOR_NAME = AccentColor;
				CODE_SIGN_STYLE = Automatic;
				INFOPLIST_FILE = LocationAPPStarter/Info.plist;
				LD_RUNPATH_SEARCH_PATHS = (
					"$(inherited)",
					"@executable_path/Frameworks",
				);
				PRODUCT_BUNDLE_IDENTIFIER = com.ndhu.LocationAPPStarter;
				PRODUCT_NAME = "$(TARGET_NAME)";
				SWIFT_VERSION = 5.0;
				TARGETED_DEVICE_FAMILY = "1,2";
			};
			name = Release;
		};
/* End XCBuildConfiguration section */

/* Begin XCConfigurationList section */
		79185CD527531793005B17C8 /* Build configuration list for PBXProject "LocationAPPStarter" */ = {
			isa = XCConfigurationList;
			buildConfigurations = (
				79185CEC2753179F005B17C8 /* Debug */,
				79185CED2753179F005B17C8 /* Release */,
			);
			defaultConfigurationIsVisible = 0;
			defaultConfigurationName = Release;
		};
		79185CEE2753179F005B17C8 /* Build configuration list for PBXNativeTarget "LocationAPPStarter" */ = {
			isa = XCConfigurationList;
			buildConfigurations = (
				79185CEF2753179F005B17C8 /* Debug */,
				79185CF02753179F005B17C8 /* Release */,
			);
			defaultConfigurationIsVisible = 0;
			defaultConfigurationName = Release;
		};
/* End XCConfigurationList section */
	};
	rootObject = 79185CD227531793005B17C8 /* Project object */;
}
